
Microsoft Visual Studio Solution File, Format Version 12.00
# Visual Studio Version 17
VisualStudioVersion = 17.12.35506.116
MinimumVisualStudioVersion = 10.0.40219.1
Project("{FAE04EC0-301F-11D3-BF4B-00C04F79EFBC}") = "GameAPI", "GameAPI\GameAPI.csproj", "{CDDF7E95-E09D-468F-8916-3BCDEDA9EA6D}"
EndProject
Project("{FAE04EC0-301F-11D3-BF4B-00C04F79EFBC}") = "Model", "Model\Model.csproj", "{36DB1BB9-0588-45CE-910B-75134A52CADA}"
EndProject
Project("{FAE04EC0-301F-11D3-BF4B-00C04F79EFBC}") = "PVZView", "PVZView\PVZView.csproj", "{B1E5BE8E-0897-45D1-8640-1CE17A36F223}"
EndProject
Project("{FAE04EC0-301F-11D3-BF4B-00C04F79EFBC}") = "PlantRedactor", "PlantRedactor\PlantRedactor.csproj", "{B88F50B2-96E6-46BC-927A-A307F04FEB98}"
EndProject
Global
	GlobalSection(SolutionConfigurationPlatforms) = preSolution
		Debug|Any CPU = Debug|Any CPU
		Release|Any CPU = Release|Any CPU
	EndGlobalSection
	GlobalSection(ProjectConfigurationPlatforms) = postSolution
		{CDDF7E95-E09D-468F-8916-3BCDEDA9EA6D}.Debug|Any CPU.ActiveCfg = Debug|Any CPU
		{CDDF7E95-E09D-468F-8916-3BCDEDA9EA6D}.Debug|Any CPU.Build.0 = Debug|Any CPU
		{CDDF7E95-E09D-468F-8916-3BCDEDA9EA6D}.Release|Any CPU.ActiveCfg = Release|Any CPU
		{CDDF7E95-E09D-468F-8916-3BCDEDA9EA6D}.Release|Any CPU.Build.0 = Release|Any CPU
		{36DB1BB9-0588-45CE-910B-75134A52CADA}.Debug|Any CPU.ActiveCfg = Debug|Any CPU
		{36DB1BB9-0588-45CE-910B-75134A52CADA}.Debug|Any CPU.Build.0 = Debug|Any CPU
		{36DB1BB9-0588-45CE-910B-75134A52CADA}.Release|Any CPU.ActiveCfg = Release|Any CPU
		{36DB1BB9-0588-45CE-910B-75134A52CADA}.Release|Any CPU.Build.0 = Release|Any CPU
		{B1E5BE8E-0897-45D1-8640-1CE17A36F223}.Debug|Any CPU.ActiveCfg = Debug|Any CPU
		{B1E5BE8E-0897-45D1-8640-1CE17A36F223}.Debug|Any CPU.Build.0 = Debug|Any CPU
		{B1E5BE8E-0897-45D1-8640-1CE17A36F223}.Release|Any CPU.ActiveCfg = Release|Any CPU
		{B1E5BE8E-0897-45D1-8640-1CE17A36F223}.Release|Any CPU.Build.0 = Release|Any CPU
		{B88F50B2-96E6-46BC-927A-A307F04FEB98}.Debug|Any CPU.ActiveCfg = Debug|Any CPU
		{B88F50B2-96E6-46BC-927A-A307F04FEB98}.Debug|Any CPU.Build.0 = Debug|Any CPU
		{B88F50B2-96E6-46BC-927A-A307F04FEB98}.Release|Any CPU.ActiveCfg = Release|Any CPU
		{B88F50B2-96E6-46BC-927A-A307F04FEB98}.Release|Any CPU.Build.0 = Release|Any CPU
	EndGlobalSection
	GlobalSection(SolutionProperties) = preSolution
		HideSolutionNode = FALSE
	EndGlobalSection
EndGlobal
